
Microsoft Visual Studio Solution File, Format Version 12.00
# Visual Studio Version 17
VisualStudioVersion = 17.3.32929.385
MinimumVisualStudioVersion = 10.0.40219.1
Project("{FAE04EC0-301F-11D3-BF4B-00C04F79EFBC}") = "Up2dateService", "Up2dateService\Up2dateService.csproj", "{4C1F9730-09E5-4694-864B-4B39AA93D813}"
EndProject
Project("{FAE04EC0-301F-11D3-BF4B-00C04F79EFBC}") = "Up2dateConsole", "Up2dateConsole\Up2dateConsole.csproj", "{06A754B8-B045-40FE-BADB-2F0469BC43BA}"
EndProject
Project("{FAE04EC0-301F-11D3-BF4B-00C04F79EFBC}") = "SimpleClientApp", "SimpleClientApp\SimpleClientApp.csproj", "{DCB11B13-2CEB-4057-AAE7-AD2818E48EB5}"
EndProject
Project("{FAE04EC0-301F-11D3-BF4B-00C04F79EFBC}") = "Up2dateClient", "Up2dateClient\Up2dateClient.csproj", "{940F99A8-1B35-4FF9-877A-852D161EF371}"
EndProject
Project("{FAE04EC0-301F-11D3-BF4B-00C04F79EFBC}") = "Up2dateShared", "Up2dateShared\Up2dateShared.csproj", "{1C40CD08-B1B8-4EC1-A41A-719F1E0B3690}"
EndProject
Project("{2150E333-8FDC-42A3-9474-1A3956D46DE8}") = "Setup32", "Setup32", "{F2BCC9C3-4EEA-4D7B-A233-97857F940DF8}"
EndProject
Project("{2150E333-8FDC-42A3-9474-1A3956D46DE8}") = "Setup64", "Setup64", "{47E8C978-8CE4-43AF-9D8D-44404675FDB7}"
EndProject
Project("{54435603-DBB4-11D2-8724-00A0C9A8B90C}") = "Up2dateSetup", "Setup32\Setup.vdproj", "{C79C441B-D541-4FB9-9AB9-49B85DD7FAAC}"
EndProject
Project("{54435603-DBB4-11D2-8724-00A0C9A8B90C}") = "Up2dateSetup", "Setup64\Setup.vdproj", "{AB5532EA-E00A-4785-9F2F-4A4E8437C12A}"
EndProject
Project("{2150E333-8FDC-42A3-9474-1A3956D46DE8}") = "Tests", "Tests", "{86276BE6-B4D5-4C07-8154-D0FD0BC9BB9F}"
EndProject
Project("{FAE04EC0-301F-11D3-BF4B-00C04F79EFBC}") = "Up2dateTests", "Tests\Up2dateTests\Up2dateTests.csproj", "{DB8778E5-4F26-4919-AEEE-B0D776F7FD6F}"
EndProject
Project("{FAE04EC0-301F-11D3-BF4B-00C04F79EFBC}") = "TestsShared", "Tests\Tests_Shared\TestsShared.csproj", "{E33D6A3F-E2DB-4B5B-977B-9CCE31098845}"
EndProject
Project("{2150E333-8FDC-42A3-9474-1A3956D46DE8}") = "Solution Items", "Solution Items", "{A530F71A-CE5B-457A-A46D-D57A39F6BB55}"
	ProjectSection(SolutionItems) = preProject
		Localization.md = Localization.md
	EndProjectSection
EndProject
Global
	GlobalSection(SolutionConfigurationPlatforms) = preSolution
		Debug|Any CPU = Debug|Any CPU
		Release|Any CPU = Release|Any CPU
	EndGlobalSection
	GlobalSection(ProjectConfigurationPlatforms) = postSolution
		{4C1F9730-09E5-4694-864B-4B39AA93D813}.Debug|Any CPU.ActiveCfg = Debug|Any CPU
		{4C1F9730-09E5-4694-864B-4B39AA93D813}.Debug|Any CPU.Build.0 = Debug|Any CPU
		{4C1F9730-09E5-4694-864B-4B39AA93D813}.Release|Any CPU.ActiveCfg = Release|Any CPU
		{4C1F9730-09E5-4694-864B-4B39AA93D813}.Release|Any CPU.Build.0 = Release|Any CPU
		{06A754B8-B045-40FE-BADB-2F0469BC43BA}.Debug|Any CPU.ActiveCfg = Debug|Any CPU
		{06A754B8-B045-40FE-BADB-2F0469BC43BA}.Debug|Any CPU.Build.0 = Debug|Any CPU
		{06A754B8-B045-40FE-BADB-2F0469BC43BA}.Release|Any CPU.ActiveCfg = Release|Any CPU
		{06A754B8-B045-40FE-BADB-2F0469BC43BA}.Release|Any CPU.Build.0 = Release|Any CPU
		{DCB11B13-2CEB-4057-AAE7-AD2818E48EB5}.Debug|Any CPU.ActiveCfg = Debug|Any CPU
		{DCB11B13-2CEB-4057-AAE7-AD2818E48EB5}.Debug|Any CPU.Build.0 = Debug|Any CPU
		{DCB11B13-2CEB-4057-AAE7-AD2818E48EB5}.Release|Any CPU.ActiveCfg = Release|Any CPU
		{DCB11B13-2CEB-4057-AAE7-AD2818E48EB5}.Release|Any CPU.Build.0 = Release|Any CPU
		{940F99A8-1B35-4FF9-877A-852D161EF371}.Debug|Any CPU.ActiveCfg = Debug|Any CPU
		{940F99A8-1B35-4FF9-877A-852D161EF371}.Debug|Any CPU.Build.0 = Debug|Any CPU
		{940F99A8-1B35-4FF9-877A-852D161EF371}.Release|Any CPU.ActiveCfg = Release|Any CPU
		{940F99A8-1B35-4FF9-877A-852D161EF371}.Release|Any CPU.Build.0 = Release|Any CPU
		{1C40CD08-B1B8-4EC1-A41A-719F1E0B3690}.Debug|Any CPU.ActiveCfg = Debug|Any CPU
		{1C40CD08-B1B8-4EC1-A41A-719F1E0B3690}.Debug|Any CPU.Build.0 = Debug|Any CPU
		{1C40CD08-B1B8-4EC1-A41A-719F1E0B3690}.Release|Any CPU.ActiveCfg = Release|Any CPU
		{1C40CD08-B1B8-4EC1-A41A-719F1E0B3690}.Release|Any CPU.Build.0 = Release|Any CPU
		{C79C441B-D541-4FB9-9AB9-49B85DD7FAAC}.Debug|Any CPU.ActiveCfg = Debug
		{C79C441B-D541-4FB9-9AB9-49B85DD7FAAC}.Release|Any CPU.ActiveCfg = Release
		{C79C441B-D541-4FB9-9AB9-49B85DD7FAAC}.Release|Any CPU.Build.0 = Release
		{AB5532EA-E00A-4785-9F2F-4A4E8437C12A}.Debug|Any CPU.ActiveCfg = Debug
		{AB5532EA-E00A-4785-9F2F-4A4E8437C12A}.Release|Any CPU.ActiveCfg = Release
		{AB5532EA-E00A-4785-9F2F-4A4E8437C12A}.Release|Any CPU.Build.0 = Release
		{DB8778E5-4F26-4919-AEEE-B0D776F7FD6F}.Debug|Any CPU.ActiveCfg = Debug|Any CPU
		{DB8778E5-4F26-4919-AEEE-B0D776F7FD6F}.Debug|Any CPU.Build.0 = Debug|Any CPU
		{DB8778E5-4F26-4919-AEEE-B0D776F7FD6F}.Release|Any CPU.ActiveCfg = Release|Any CPU
		{DB8778E5-4F26-4919-AEEE-B0D776F7FD6F}.Release|Any CPU.Build.0 = Release|Any CPU
		{E33D6A3F-E2DB-4B5B-977B-9CCE31098845}.Debug|Any CPU.ActiveCfg = Debug|Any CPU
		{E33D6A3F-E2DB-4B5B-977B-9CCE31098845}.Debug|Any CPU.Build.0 = Debug|Any CPU
		{E33D6A3F-E2DB-4B5B-977B-9CCE31098845}.Release|Any CPU.ActiveCfg = Release|Any CPU
		{E33D6A3F-E2DB-4B5B-977B-9CCE31098845}.Release|Any CPU.Build.0 = Release|Any CPU
	EndGlobalSection
	GlobalSection(SolutionProperties) = preSolution
		HideSolutionNode = FALSE
	EndGlobalSection
	GlobalSection(NestedProjects) = preSolution
		{C79C441B-D541-4FB9-9AB9-49B85DD7FAAC} = {F2BCC9C3-4EEA-4D7B-A233-97857F940DF8}
		{AB5532EA-E00A-4785-9F2F-4A4E8437C12A} = {47E8C978-8CE4-43AF-9D8D-44404675FDB7}
		{DB8778E5-4F26-4919-AEEE-B0D776F7FD6F} = {86276BE6-B4D5-4C07-8154-D0FD0BC9BB9F}
		{E33D6A3F-E2DB-4B5B-977B-9CCE31098845} = {86276BE6-B4D5-4C07-8154-D0FD0BC9BB9F}
	EndGlobalSection
	GlobalSection(ExtensibilityGlobals) = postSolution
		SolutionGuid = {436F7D19-B50A-424E-BCFA-F357AC324C0A}
	EndGlobalSection
EndGlobal
